
Microsoft Visual Studio Solution File, Format Version 12.00
# Visual Studio Version 17
VisualStudioVersion = 17.0.31903.59
MinimumVisualStudioVersion = 10.0.40219.1
Project("{2150E333-8FDC-42A3-9474-1A3956D46DE8}") = "src", "src", "{1226BFB7-0D2C-43BE-9FC0-DDE124BCA2D2}"
EndProject
Project("{2150E333-8FDC-42A3-9474-1A3956D46DE8}") = "AuthService", "AuthService", "{497C84A3-D264-451A-B04A-1E0239F1D32D}"
EndProject
Project("{FAE04EC0-301F-11D3-BF4B-00C04F79EFBC}") = "AuthService.Domain", "src\AuthService\AuthService.Domain\AuthService.Domain.csproj", "{774D7970-2F7A-450F-8DFC-B9AB9D20AB05}"
EndProject
Project("{FAE04EC0-301F-11D3-BF4B-00C04F79EFBC}") = "AuthService.Application", "src\AuthService\AuthService.Application\AuthService.Application.csproj", "{281464BD-A841-498B-8EEB-203EAC73CBC5}"
EndProject
Project("{FAE04EC0-301F-11D3-BF4B-00C04F79EFBC}") = "AuthService.Infrastructure", "src\AuthService\AuthService.Infrastructure\AuthService.Infrastructure.csproj", "{3880EB85-EFB4-49E9-867D-DE71D78A93E7}"
EndProject
Project("{FAE04EC0-301F-11D3-BF4B-00C04F79EFBC}") = "AuthService.Api", "src\AuthService\AuthService.Api\AuthService.Api.csproj", "{C4B54DCF-3882-4C1E-A762-BE8914C88DAE}"
EndProject
Global
	GlobalSection(SolutionConfigurationPlatforms) = preSolution
		Debug|Any CPU = Debug|Any CPU
		Release|Any CPU = Release|Any CPU
	EndGlobalSection
	GlobalSection(SolutionProperties) = preSolution
		HideSolutionNode = FALSE
	EndGlobalSection
	GlobalSection(ProjectConfigurationPlatforms) = postSolution
		{774D7970-2F7A-450F-8DFC-B9AB9D20AB05}.Debug|Any CPU.ActiveCfg = Debug|Any CPU
		{774D7970-2F7A-450F-8DFC-B9AB9D20AB05}.Debug|Any CPU.Build.0 = Debug|Any CPU
		{774D7970-2F7A-450F-8DFC-B9AB9D20AB05}.Release|Any CPU.ActiveCfg = Release|Any CPU
		{774D7970-2F7A-450F-8DFC-B9AB9D20AB05}.Release|Any CPU.Build.0 = Release|Any CPU
		{281464BD-A841-498B-8EEB-203EAC73CBC5}.Debug|Any CPU.ActiveCfg = Debug|Any CPU
		{281464BD-A841-498B-8EEB-203EAC73CBC5}.Debug|Any CPU.Build.0 = Debug|Any CPU
		{281464BD-A841-498B-8EEB-203EAC73CBC5}.Release|Any CPU.ActiveCfg = Release|Any CPU
		{281464BD-A841-498B-8EEB-203EAC73CBC5}.Release|Any CPU.Build.0 = Release|Any CPU
		{3880EB85-EFB4-49E9-867D-DE71D78A93E7}.Debug|Any CPU.ActiveCfg = Debug|Any CPU
		{3880EB85-EFB4-49E9-867D-DE71D78A93E7}.Debug|Any CPU.Build.0 = Debug|Any CPU
		{3880EB85-EFB4-49E9-867D-DE71D78A93E7}.Release|Any CPU.ActiveCfg = Release|Any CPU
		{3880EB85-EFB4-49E9-867D-DE71D78A93E7}.Release|Any CPU.Build.0 = Release|Any CPU
		{C4B54DCF-3882-4C1E-A762-BE8914C88DAE}.Debug|Any CPU.ActiveCfg = Debug|Any CPU
		{C4B54DCF-3882-4C1E-A762-BE8914C88DAE}.Debug|Any CPU.Build.0 = Debug|Any CPU
		{C4B54DCF-3882-4C1E-A762-BE8914C88DAE}.Release|Any CPU.ActiveCfg = Release|Any CPU
		{C4B54DCF-3882-4C1E-A762-BE8914C88DAE}.Release|Any CPU.Build.0 = Release|Any CPU
	EndGlobalSection
	GlobalSection(NestedProjects) = preSolution
		{497C84A3-D264-451A-B04A-1E0239F1D32D} = {1226BFB7-0D2C-43BE-9FC0-DDE124BCA2D2}
		{774D7970-2F7A-450F-8DFC-B9AB9D20AB05} = {497C84A3-D264-451A-B04A-1E0239F1D32D}
		{281464BD-A841-498B-8EEB-203EAC73CBC5} = {497C84A3-D264-451A-B04A-1E0239F1D32D}
		{3880EB85-EFB4-49E9-867D-DE71D78A93E7} = {497C84A3-D264-451A-B04A-1E0239F1D32D}
		{C4B54DCF-3882-4C1E-A762-BE8914C88DAE} = {497C84A3-D264-451A-B04A-1E0239F1D32D}
	EndGlobalSection
EndGlobal
